
Microsoft Visual Studio Solution File, Format Version 12.00
# Visual Studio Version 17
VisualStudioVersion = 17.14.36429.23 d17.14
MinimumVisualStudioVersion = 10.0.40219.1
Project("{FAE04EC0-301F-11D3-BF4B-00C04F79EFBC}") = "SIGEVAP", "SIGEVAP.csproj", "{0478367E-2ED4-4BBE-B6FE-6D2E3152B76B}"
EndProject
Global
	GlobalSection(SolutionConfigurationPlatforms) = preSolution
		Debug|Any CPU = Debug|Any CPU
		Release|Any CPU = Release|Any CPU
	EndGlobalSection
	GlobalSection(ProjectConfigurationPlatforms) = postSolution
		{0478367E-2ED4-4BBE-B6FE-6D2E3152B76B}.Debug|Any CPU.ActiveCfg = Debug|Any CPU
		{0478367E-2ED4-4BBE-B6FE-6D2E3152B76B}.Debug|Any CPU.Build.0 = Debug|Any CPU
		{0478367E-2ED4-4BBE-B6FE-6D2E3152B76B}.Release|Any CPU.ActiveCfg = Release|Any CPU
		{0478367E-2ED4-4BBE-B6FE-6D2E3152B76B}.Release|Any CPU.Build.0 = Release|Any CPU
	EndGlobalSection
	GlobalSection(SolutionProperties) = preSolution
		HideSolutionNode = FALSE
	EndGlobalSection
	GlobalSection(ExtensibilityGlobals) = postSolution
		SolutionGuid = {49BB05AE-34D3-4B12-9AB4-169218BD675F}
	EndGlobalSection
EndGlobal
